
Microsoft Visual Studio Solution File, Format Version 12.00
# Visual Studio Version 16
VisualStudioVersion = 16.0.30621.155
MinimumVisualStudioVersion = 10.0.40219.1
Project("{FAE04EC0-301F-11D3-BF4B-00C04F79EFBC}") = "MyChartControl", "MyChartControl.csproj", "{490AE5D3-C793-41FC-976A-99AE6D93227C}"
EndProject
Global
	GlobalSection(SolutionConfigurationPlatforms) = preSolution
		Debug|Any CPU = Debug|Any CPU
		Release|Any CPU = Release|Any CPU
	EndGlobalSection
	GlobalSection(ProjectConfigurationPlatforms) = postSolution
		{490AE5D3-C793-41FC-976A-99AE6D93227C}.Debug|Any CPU.ActiveCfg = Debug|Any CPU
		{490AE5D3-C793-41FC-976A-99AE6D93227C}.Debug|Any CPU.Build.0 = Debug|Any CPU
		{490AE5D3-C793-41FC-976A-99AE6D93227C}.Release|Any CPU.ActiveCfg = Release|Any CPU
		{490AE5D3-C793-41FC-976A-99AE6D93227C}.Release|Any CPU.Build.0 = Release|Any CPU
	EndGlobalSection
	GlobalSection(SolutionProperties) = preSolution
		HideSolutionNode = FALSE
	EndGlobalSection
	GlobalSection(ExtensibilityGlobals) = postSolution
		SolutionGuid = {DA341A52-E03C-40B9-B6D9-E044497B5710}
	EndGlobalSection
EndGlobal
